
Microsoft Visual Studio Solution File, Format Version 12.00
# Visual Studio Version 16
VisualStudioVersion = 16.0.31424.327
MinimumVisualStudioVersion = 10.0.40219.1
Project("{9A19103F-16F7-4668-BE54-9A1E7A4F7556}") = "M4U1", "M4U1\M4U1.csproj", "{CE2B27D0-424A-4AD3-8F41-3AE0D133B65D}"
EndProject
Project("{FAE04EC0-301F-11D3-BF4B-00C04F79EFBC}") = "M4U2-1", "M4U2-1\M4U2-1.csproj", "{4173E2DA-A277-4329-9F0A-C99AD0B1A8E9}"
EndProject
Project("{FAE04EC0-301F-11D3-BF4B-00C04F79EFBC}") = "Lab4U2-2", "Lab4U2-2\Lab4U2-2.csproj", "{B8F34546-5CA8-4FC5-BF7C-1F1A3D468F65}"
EndProject
Global
	GlobalSection(SolutionConfigurationPlatforms) = preSolution
		Debug|Any CPU = Debug|Any CPU
		Release|Any CPU = Release|Any CPU
	EndGlobalSection
	GlobalSection(ProjectConfigurationPlatforms) = postSolution
		{CE2B27D0-424A-4AD3-8F41-3AE0D133B65D}.Debug|Any CPU.ActiveCfg = Debug|Any CPU
		{CE2B27D0-424A-4AD3-8F41-3AE0D133B65D}.Debug|Any CPU.Build.0 = Debug|Any CPU
		{CE2B27D0-424A-4AD3-8F41-3AE0D133B65D}.Release|Any CPU.ActiveCfg = Release|Any CPU
		{CE2B27D0-424A-4AD3-8F41-3AE0D133B65D}.Release|Any CPU.Build.0 = Release|Any CPU
		{4173E2DA-A277-4329-9F0A-C99AD0B1A8E9}.Debug|Any CPU.ActiveCfg = Debug|Any CPU
		{4173E2DA-A277-4329-9F0A-C99AD0B1A8E9}.Debug|Any CPU.Build.0 = Debug|Any CPU
		{4173E2DA-A277-4329-9F0A-C99AD0B1A8E9}.Release|Any CPU.ActiveCfg = Release|Any CPU
		{4173E2DA-A277-4329-9F0A-C99AD0B1A8E9}.Release|Any CPU.Build.0 = Release|Any CPU
		{B8F34546-5CA8-4FC5-BF7C-1F1A3D468F65}.Debug|Any CPU.ActiveCfg = Debug|Any CPU
		{B8F34546-5CA8-4FC5-BF7C-1F1A3D468F65}.Debug|Any CPU.Build.0 = Debug|Any CPU
		{B8F34546-5CA8-4FC5-BF7C-1F1A3D468F65}.Release|Any CPU.ActiveCfg = Release|Any CPU
		{B8F34546-5CA8-4FC5-BF7C-1F1A3D468F65}.Release|Any CPU.Build.0 = Release|Any CPU
	EndGlobalSection
	GlobalSection(SolutionProperties) = preSolution
		HideSolutionNode = FALSE
	EndGlobalSection
	GlobalSection(ExtensibilityGlobals) = postSolution
		SolutionGuid = {913DB53F-568D-46E0-8276-9B11B72957D7}
	EndGlobalSection
EndGlobal
